
Microsoft Visual Studio Solution File, Format Version 12.00
# Visual Studio Version 16
VisualStudioVersion = 16.0.29806.167
MinimumVisualStudioVersion = 10.0.40219.1
Project("{8BC9CEB8-8B4A-11D0-8D11-00A0C91BC942}") = "Project1", "Project1\Project1.vcxproj", "{1B22801C-774C-4AFC-A3CA-AB5CCEFCB544}"
EndProject
Project("{8BC9CEB8-8B4A-11D0-8D11-00A0C91BC942}") = "Project2", "Project2\Project2.vcxproj", "{25E608EB-1CB2-4ACA-B422-5FB221587C79}"
EndProject
Global
	GlobalSection(SolutionConfigurationPlatforms) = preSolution
		Debug|x64 = Debug|x64
		Debug|x86 = Debug|x86
		Release|x64 = Release|x64
		Release|x86 = Release|x86
	EndGlobalSection
	GlobalSection(ProjectConfigurationPlatforms) = postSolution
		{1B22801C-774C-4AFC-A3CA-AB5CCEFCB544}.Debug|x64.ActiveCfg = Debug|x64
		{1B22801C-774C-4AFC-A3CA-AB5CCEFCB544}.Debug|x64.Build.0 = Debug|x64
		{1B22801C-774C-4AFC-A3CA-AB5CCEFCB544}.Debug|x86.ActiveCfg = Debug|Win32
		{1B22801C-774C-4AFC-A3CA-AB5CCEFCB544}.Debug|x86.Build.0 = Debug|Win32
		{1B22801C-774C-4AFC-A3CA-AB5CCEFCB544}.Release|x64.ActiveCfg = Release|x64
		{1B22801C-774C-4AFC-A3CA-AB5CCEFCB544}.Release|x64.Build.0 = Release|x64
		{1B22801C-774C-4AFC-A3CA-AB5CCEFCB544}.Release|x86.ActiveCfg = Release|Win32
		{1B22801C-774C-4AFC-A3CA-AB5CCEFCB544}.Release|x86.Build.0 = Release|Win32
		{25E608EB-1CB2-4ACA-B422-5FB221587C79}.Debug|x64.ActiveCfg = Debug|x64
		{25E608EB-1CB2-4ACA-B422-5FB221587C79}.Debug|x64.Build.0 = Debug|x64
		{25E608EB-1CB2-4ACA-B422-5FB221587C79}.Debug|x86.ActiveCfg = Debug|Win32
		{25E608EB-1CB2-4ACA-B422-5FB221587C79}.Debug|x86.Build.0 = Debug|Win32
		{25E608EB-1CB2-4ACA-B422-5FB221587C79}.Release|x64.ActiveCfg = Release|x64
		{25E608EB-1CB2-4ACA-B422-5FB221587C79}.Release|x64.Build.0 = Release|x64
		{25E608EB-1CB2-4ACA-B422-5FB221587C79}.Release|x86.ActiveCfg = Release|Win32
		{25E608EB-1CB2-4ACA-B422-5FB221587C79}.Release|x86.Build.0 = Release|Win32
	EndGlobalSection
	GlobalSection(SolutionProperties) = preSolution
		HideSolutionNode = FALSE
	EndGlobalSection
	GlobalSection(ExtensibilityGlobals) = postSolution
		SolutionGuid = {5373C3F4-A830-4AA5-83CC-11CF132B8170}
	EndGlobalSection
EndGlobal
